
Microsoft Visual Studio Solution File, Format Version 12.00
# Visual Studio Version 17
VisualStudioVersion = 17.14.36203.30 d17.14
MinimumVisualStudioVersion = 10.0.40219.1
Project("{FAE04EC0-301F-11D3-BF4B-00C04F79EFBC}") = "CodePulse.API", "CodePulse.API\CodePulse.API.csproj", "{BE7E9FD2-162F-4C9F-9AEB-162C65A952FF}"
EndProject
Global
	GlobalSection(SolutionConfigurationPlatforms) = preSolution
		Debug|Any CPU = Debug|Any CPU
		Release|Any CPU = Release|Any CPU
	EndGlobalSection
	GlobalSection(ProjectConfigurationPlatforms) = postSolution
		{BE7E9FD2-162F-4C9F-9AEB-162C65A952FF}.Debug|Any CPU.ActiveCfg = Debug|Any CPU
		{BE7E9FD2-162F-4C9F-9AEB-162C65A952FF}.Debug|Any CPU.Build.0 = Debug|Any CPU
		{BE7E9FD2-162F-4C9F-9AEB-162C65A952FF}.Release|Any CPU.ActiveCfg = Release|Any CPU
		{BE7E9FD2-162F-4C9F-9AEB-162C65A952FF}.Release|Any CPU.Build.0 = Release|Any CPU
	EndGlobalSection
	GlobalSection(SolutionProperties) = preSolution
		HideSolutionNode = FALSE
	EndGlobalSection
	GlobalSection(ExtensibilityGlobals) = postSolution
		SolutionGuid = {FFAEE977-8344-4C3B-B7F6-E0AA5DDBA13F}
	EndGlobalSection
EndGlobal
